
Microsoft Visual Studio Solution File, Format Version 12.00
# Visual Studio Version 17
VisualStudioVersion = 17.1.32210.238
MinimumVisualStudioVersion = 10.0.40219.1
Project("{FAE04EC0-301F-11D3-BF4B-00C04F79EFBC}") = "Api", "Api\Api.csproj", "{A6F124DC-01BB-4898-99EA-369E02D81856}"
EndProject
Global
	GlobalSection(SolutionConfigurationPlatforms) = preSolution
		Debug|Any CPU = Debug|Any CPU
		Release|Any CPU = Release|Any CPU
	EndGlobalSection
	GlobalSection(ProjectConfigurationPlatforms) = postSolution
		{A6F124DC-01BB-4898-99EA-369E02D81856}.Debug|Any CPU.ActiveCfg = Debug|Any CPU
		{A6F124DC-01BB-4898-99EA-369E02D81856}.Debug|Any CPU.Build.0 = Debug|Any CPU
		{A6F124DC-01BB-4898-99EA-369E02D81856}.Release|Any CPU.ActiveCfg = Release|Any CPU
		{A6F124DC-01BB-4898-99EA-369E02D81856}.Release|Any CPU.Build.0 = Release|Any CPU
	EndGlobalSection
	GlobalSection(SolutionProperties) = preSolution
		HideSolutionNode = FALSE
	EndGlobalSection
	GlobalSection(ExtensibilityGlobals) = postSolution
		SolutionGuid = {7C71E619-201C-4357-9DC4-E403528A7DA0}
	EndGlobalSection
EndGlobal
